
Microsoft Visual Studio Solution File, Format Version 12.00
# Visual Studio 14
VisualStudioVersion = 14.0.24720.0
MinimumVisualStudioVersion = 10.0.40219.1
Project("{2150E333-8FDC-42A3-9474-1A3956D46DE8}") = "src", "src", "{34C4F9B5-2F0D-404E-9CB0-EE24810CA4ED}"
EndProject
Project("{2150E333-8FDC-42A3-9474-1A3956D46DE8}") = "test", "test", "{3A346B6C-99A5-4682-A1B4-B89F234E418B}"
EndProject
Project("{8BB2217D-0F2D-49D1-97BC-3654ED321F3B}") = "DotNetAnalytics.Google", "src\DotNetAnalytics.Google\DotNetAnalytics.Google.xproj", "{6477F6C3-9339-46F8-8E17-76379A5797AD}"
EndProject
Project("{2150E333-8FDC-42A3-9474-1A3956D46DE8}") = "Solution Items", "Solution Items", "{4731A24A-1EAE-450F-9A15-E88D8E7267CA}"
	ProjectSection(SolutionItems) = preProject
		global.json = global.json
		Nuget.config = Nuget.config
	EndProjectSection
EndProject
Project("{FAE04EC0-301F-11D3-BF4B-00C04F79EFBC}") = "DotNetAnalytics.Google.Generator", "src\DotNetAnalytics.Google.Generator\DotNetAnalytics.Google.Generator.csproj", "{00660C18-438C-4FD3-9729-7F871A8DB464}"
EndProject
Project("{2150E333-8FDC-42A3-9474-1A3956D46DE8}") = "samples", "samples", "{ACBF099C-9920-4773-B15A-F6C407A8E16A}"
EndProject
Project("{FAE04EC0-301F-11D3-BF4B-00C04F79EFBC}") = "DotNetAnalytics.Google.Sample", "samples\DotNetAnalytics.Google.Sample\DotNetAnalytics.Google.Sample.csproj", "{9487C039-AA6D-4B18-8C0C-5DB3D5E2D704}"
EndProject
Project("{8BB2217D-0F2D-49D1-97BC-3654ED321F3B}") = "DotNetAnalytics.Google.Linq", "src\DotNetAnalytics.Google.Linq\DotNetAnalytics.Google.Linq.xproj", "{327534C6-B2DA-4539-9D00-8AC05CB84849}"
EndProject
Project("{FAE04EC0-301F-11D3-BF4B-00C04F79EFBC}") = "DotNetAnalytics.Google.Linq.Sample", "samples\DotNetAnalytics.Google.Linq.Sample\DotNetAnalytics.Google.Linq.Sample.csproj", "{DFD97984-75E6-4DF7-A2D2-77A4BCA01CB1}"
	ProjectSection(ProjectDependencies) = postProject
		{327534C6-B2DA-4539-9D00-8AC05CB84849} = {327534C6-B2DA-4539-9D00-8AC05CB84849}
	EndProjectSection
EndProject
Global
	GlobalSection(SolutionConfigurationPlatforms) = preSolution
		Debug|Any CPU = Debug|Any CPU
		Release|Any CPU = Release|Any CPU
	EndGlobalSection
	GlobalSection(ProjectConfigurationPlatforms) = postSolution
		{6477F6C3-9339-46F8-8E17-76379A5797AD}.Debug|Any CPU.ActiveCfg = Debug|Any CPU
		{6477F6C3-9339-46F8-8E17-76379A5797AD}.Debug|Any CPU.Build.0 = Debug|Any CPU
		{6477F6C3-9339-46F8-8E17-76379A5797AD}.Release|Any CPU.ActiveCfg = Release|Any CPU
		{6477F6C3-9339-46F8-8E17-76379A5797AD}.Release|Any CPU.Build.0 = Release|Any CPU
		{00660C18-438C-4FD3-9729-7F871A8DB464}.Debug|Any CPU.ActiveCfg = Debug|Any CPU
		{00660C18-438C-4FD3-9729-7F871A8DB464}.Debug|Any CPU.Build.0 = Debug|Any CPU
		{00660C18-438C-4FD3-9729-7F871A8DB464}.Release|Any CPU.ActiveCfg = Release|Any CPU
		{00660C18-438C-4FD3-9729-7F871A8DB464}.Release|Any CPU.Build.0 = Release|Any CPU
		{9487C039-AA6D-4B18-8C0C-5DB3D5E2D704}.Debug|Any CPU.ActiveCfg = Debug|Any CPU
		{9487C039-AA6D-4B18-8C0C-5DB3D5E2D704}.Debug|Any CPU.Build.0 = Debug|Any CPU
		{9487C039-AA6D-4B18-8C0C-5DB3D5E2D704}.Release|Any CPU.ActiveCfg = Release|Any CPU
		{9487C039-AA6D-4B18-8C0C-5DB3D5E2D704}.Release|Any CPU.Build.0 = Release|Any CPU
		{327534C6-B2DA-4539-9D00-8AC05CB84849}.Debug|Any CPU.ActiveCfg = Debug|Any CPU
		{327534C6-B2DA-4539-9D00-8AC05CB84849}.Debug|Any CPU.Build.0 = Debug|Any CPU
		{327534C6-B2DA-4539-9D00-8AC05CB84849}.Release|Any CPU.ActiveCfg = Release|Any CPU
		{327534C6-B2DA-4539-9D00-8AC05CB84849}.Release|Any CPU.Build.0 = Release|Any CPU
		{DFD97984-75E6-4DF7-A2D2-77A4BCA01CB1}.Debug|Any CPU.ActiveCfg = Debug|Any CPU
		{DFD97984-75E6-4DF7-A2D2-77A4BCA01CB1}.Debug|Any CPU.Build.0 = Debug|Any CPU
		{DFD97984-75E6-4DF7-A2D2-77A4BCA01CB1}.Release|Any CPU.ActiveCfg = Release|Any CPU
		{DFD97984-75E6-4DF7-A2D2-77A4BCA01CB1}.Release|Any CPU.Build.0 = Release|Any CPU
	EndGlobalSection
	GlobalSection(SolutionProperties) = preSolution
		HideSolutionNode = FALSE
	EndGlobalSection
	GlobalSection(NestedProjects) = preSolution
		{6477F6C3-9339-46F8-8E17-76379A5797AD} = {34C4F9B5-2F0D-404E-9CB0-EE24810CA4ED}
		{00660C18-438C-4FD3-9729-7F871A8DB464} = {34C4F9B5-2F0D-404E-9CB0-EE24810CA4ED}
		{9487C039-AA6D-4B18-8C0C-5DB3D5E2D704} = {ACBF099C-9920-4773-B15A-F6C407A8E16A}
		{327534C6-B2DA-4539-9D00-8AC05CB84849} = {34C4F9B5-2F0D-404E-9CB0-EE24810CA4ED}
		{DFD97984-75E6-4DF7-A2D2-77A4BCA01CB1} = {ACBF099C-9920-4773-B15A-F6C407A8E16A}
	EndGlobalSection
	GlobalSection(CodealikeProperties) = postSolution
		SolutionGuid = 55245f6b-4637-468b-950b-8362e9e3fea8
	EndGlobalSection
EndGlobal
